
Microsoft Visual Studio Solution File, Format Version 12.00
# Visual Studio Version 17
VisualStudioVersion = 17.14.36623.8
MinimumVisualStudioVersion = 10.0.40219.1
Project("{00D1A9C2-B5F0-4AF3-8072-F6C62B433612}") = "CoffeeShop", "CoffeeShop\CoffeeShop.sqlproj", "{0EDF11DD-78F1-4A61-97C1-43022D0EF0F4}"
EndProject
Project("{FAE04EC0-301F-11D3-BF4B-00C04F79EFBC}") = "SalinasWPF", "SalinasWPF\SalinasWPF.csproj", "{DEC8AEEB-BF7E-40DA-B38E-06DB3A57BB61}"
EndProject
Project("{FAE04EC0-301F-11D3-BF4B-00C04F79EFBC}") = "SalinasDomain", "SalinasDomain\SalinasDomain.csproj", "{41ECF780-445A-4131-BBC3-274B26E08644}"
EndProject
Project("{FAE04EC0-301F-11D3-BF4B-00C04F79EFBC}") = "SalinasFramework", "SalinasFramework\SalinasFramework.csproj", "{1126E28F-C424-4417-AA71-F3D695BEB837}"
EndProject
Project("{FAE04EC0-301F-11D3-BF4B-00C04F79EFBC}") = "SalinasYouTubeViewer", "SalinasYouTubeViewer\SalinasYouTubeViewer.csproj", "{EC8984BE-C0E4-4E1B-80BB-5C3F575C2CAC}"
EndProject
Project("{FAE04EC0-301F-11D3-BF4B-00C04F79EFBC}") = "Domain", "Domain\Domain.csproj", "{247C0EEC-001C-4DE6-9239-6541F0DC482F}"
EndProject
Project("{FAE04EC0-301F-11D3-BF4B-00C04F79EFBC}") = "Framework", "Framework\Framework.csproj", "{50E598F9-DA1A-4569-B5B4-2F1FFBD88FF9}"
EndProject
Global
	GlobalSection(SolutionConfigurationPlatforms) = preSolution
		Debug|Any CPU = Debug|Any CPU
		Release|Any CPU = Release|Any CPU
	EndGlobalSection
	GlobalSection(ProjectConfigurationPlatforms) = postSolution
		{0EDF11DD-78F1-4A61-97C1-43022D0EF0F4}.Debug|Any CPU.ActiveCfg = Debug|Any CPU
		{0EDF11DD-78F1-4A61-97C1-43022D0EF0F4}.Debug|Any CPU.Build.0 = Debug|Any CPU
		{0EDF11DD-78F1-4A61-97C1-43022D0EF0F4}.Debug|Any CPU.Deploy.0 = Debug|Any CPU
		{0EDF11DD-78F1-4A61-97C1-43022D0EF0F4}.Release|Any CPU.ActiveCfg = Release|Any CPU
		{0EDF11DD-78F1-4A61-97C1-43022D0EF0F4}.Release|Any CPU.Build.0 = Release|Any CPU
		{0EDF11DD-78F1-4A61-97C1-43022D0EF0F4}.Release|Any CPU.Deploy.0 = Release|Any CPU
		{DEC8AEEB-BF7E-40DA-B38E-06DB3A57BB61}.Debug|Any CPU.ActiveCfg = Debug|Any CPU
		{DEC8AEEB-BF7E-40DA-B38E-06DB3A57BB61}.Debug|Any CPU.Build.0 = Debug|Any CPU
		{DEC8AEEB-BF7E-40DA-B38E-06DB3A57BB61}.Release|Any CPU.ActiveCfg = Release|Any CPU
		{DEC8AEEB-BF7E-40DA-B38E-06DB3A57BB61}.Release|Any CPU.Build.0 = Release|Any CPU
		{41ECF780-445A-4131-BBC3-274B26E08644}.Debug|Any CPU.ActiveCfg = Debug|Any CPU
		{41ECF780-445A-4131-BBC3-274B26E08644}.Debug|Any CPU.Build.0 = Debug|Any CPU
		{41ECF780-445A-4131-BBC3-274B26E08644}.Release|Any CPU.ActiveCfg = Release|Any CPU
		{41ECF780-445A-4131-BBC3-274B26E08644}.Release|Any CPU.Build.0 = Release|Any CPU
		{1126E28F-C424-4417-AA71-F3D695BEB837}.Debug|Any CPU.ActiveCfg = Debug|Any CPU
		{1126E28F-C424-4417-AA71-F3D695BEB837}.Debug|Any CPU.Build.0 = Debug|Any CPU
		{1126E28F-C424-4417-AA71-F3D695BEB837}.Release|Any CPU.ActiveCfg = Release|Any CPU
		{1126E28F-C424-4417-AA71-F3D695BEB837}.Release|Any CPU.Build.0 = Release|Any CPU
		{EC8984BE-C0E4-4E1B-80BB-5C3F575C2CAC}.Debug|Any CPU.ActiveCfg = Debug|Any CPU
		{EC8984BE-C0E4-4E1B-80BB-5C3F575C2CAC}.Debug|Any CPU.Build.0 = Debug|Any CPU
		{EC8984BE-C0E4-4E1B-80BB-5C3F575C2CAC}.Release|Any CPU.ActiveCfg = Release|Any CPU
		{EC8984BE-C0E4-4E1B-80BB-5C3F575C2CAC}.Release|Any CPU.Build.0 = Release|Any CPU
		{247C0EEC-001C-4DE6-9239-6541F0DC482F}.Debug|Any CPU.ActiveCfg = Debug|Any CPU
		{247C0EEC-001C-4DE6-9239-6541F0DC482F}.Debug|Any CPU.Build.0 = Debug|Any CPU
		{247C0EEC-001C-4DE6-9239-6541F0DC482F}.Release|Any CPU.ActiveCfg = Release|Any CPU
		{247C0EEC-001C-4DE6-9239-6541F0DC482F}.Release|Any CPU.Build.0 = Release|Any CPU
		{50E598F9-DA1A-4569-B5B4-2F1FFBD88FF9}.Debug|Any CPU.ActiveCfg = Debug|Any CPU
		{50E598F9-DA1A-4569-B5B4-2F1FFBD88FF9}.Debug|Any CPU.Build.0 = Debug|Any CPU
		{50E598F9-DA1A-4569-B5B4-2F1FFBD88FF9}.Release|Any CPU.ActiveCfg = Release|Any CPU
		{50E598F9-DA1A-4569-B5B4-2F1FFBD88FF9}.Release|Any CPU.Build.0 = Release|Any CPU
	EndGlobalSection
	GlobalSection(SolutionProperties) = preSolution
		HideSolutionNode = FALSE
	EndGlobalSection
	GlobalSection(ExtensibilityGlobals) = postSolution
		SolutionGuid = {54CEBED9-57F0-46A2-A3CD-2C4B81286B8F}
	EndGlobalSection
EndGlobal
